
Microsoft Visual Studio Solution File, Format Version 12.00
# Visual Studio 15
VisualStudioVersion = 15.0.28010.2016
MinimumVisualStudioVersion = 10.0.40219.1
Project("{9A19103F-16F7-4668-BE54-9A1E7A4F7556}") = "Launcher", "Launcher\Launcher.csproj", "{AC69C702-3717-45F6-881C-928C07F47200}"
EndProject
Project("{9A19103F-16F7-4668-BE54-9A1E7A4F7556}") = "RoslynDocumentor", "RoslynDocumentor\RoslynDocumentor.csproj", "{FCDCA300-AED3-4D33-8494-9CC43095EF6C}"
EndProject
Project("{9A19103F-16F7-4668-BE54-9A1E7A4F7556}") = "RoslynDocumentorTests", "RoslynDocumentorTests\RoslynDocumentorTests.csproj", "{25A37210-2A9C-4FD6-BF0C-827692CF15D0}"
EndProject
Global
	GlobalSection(SolutionConfigurationPlatforms) = preSolution
		Debug|Any CPU = Debug|Any CPU
		Release|Any CPU = Release|Any CPU
	EndGlobalSection
	GlobalSection(ProjectConfigurationPlatforms) = postSolution
		{AC69C702-3717-45F6-881C-928C07F47200}.Debug|Any CPU.ActiveCfg = Debug|Any CPU
		{AC69C702-3717-45F6-881C-928C07F47200}.Debug|Any CPU.Build.0 = Debug|Any CPU
		{AC69C702-3717-45F6-881C-928C07F47200}.Release|Any CPU.ActiveCfg = Release|Any CPU
		{AC69C702-3717-45F6-881C-928C07F47200}.Release|Any CPU.Build.0 = Release|Any CPU
		{FCDCA300-AED3-4D33-8494-9CC43095EF6C}.Debug|Any CPU.ActiveCfg = Debug|Any CPU
		{FCDCA300-AED3-4D33-8494-9CC43095EF6C}.Debug|Any CPU.Build.0 = Debug|Any CPU
		{FCDCA300-AED3-4D33-8494-9CC43095EF6C}.Release|Any CPU.ActiveCfg = Release|Any CPU
		{FCDCA300-AED3-4D33-8494-9CC43095EF6C}.Release|Any CPU.Build.0 = Release|Any CPU
		{25A37210-2A9C-4FD6-BF0C-827692CF15D0}.Debug|Any CPU.ActiveCfg = Debug|Any CPU
		{25A37210-2A9C-4FD6-BF0C-827692CF15D0}.Debug|Any CPU.Build.0 = Debug|Any CPU
		{25A37210-2A9C-4FD6-BF0C-827692CF15D0}.Release|Any CPU.ActiveCfg = Release|Any CPU
		{25A37210-2A9C-4FD6-BF0C-827692CF15D0}.Release|Any CPU.Build.0 = Release|Any CPU
	EndGlobalSection
	GlobalSection(SolutionProperties) = preSolution
		HideSolutionNode = FALSE
	EndGlobalSection
	GlobalSection(ExtensibilityGlobals) = postSolution
		SolutionGuid = {575389CC-BCEE-4E01-84E7-387555D69113}
	EndGlobalSection
EndGlobal
